
Microsoft Visual Studio Solution File, Format Version 12.00
# Visual Studio Version 16
VisualStudioVersion = 16.0.31313.79
MinimumVisualStudioVersion = 10.0.40219.1
Project("{8BC9CEB8-8B4A-11D0-8D11-00A0C91BC942}") = "UpperMachineSoftware", "UpperMachineSoftware\UpperMachineSoftware.vcxproj", "{9FA7F317-62F5-4DAB-9150-5D6060E85EBF}"
EndProject
Project("{8BC9CEB8-8B4A-11D0-8D11-00A0C91BC942}") = "Update", "Update\Update.vcxproj", "{F60AE3CA-64B2-4A03-95D3-DE3FEA1A8D8B}"
EndProject
Global
	GlobalSection(SolutionConfigurationPlatforms) = preSolution
		Debug|x64 = Debug|x64
		Debug|x86 = Debug|x86
		Release|x64 = Release|x64
		Release|x86 = Release|x86
	EndGlobalSection
	GlobalSection(ProjectConfigurationPlatforms) = postSolution
		{9FA7F317-62F5-4DAB-9150-5D6060E85EBF}.Debug|x64.ActiveCfg = Debug|x64
		{9FA7F317-62F5-4DAB-9150-5D6060E85EBF}.Debug|x64.Build.0 = Debug|x64
		{9FA7F317-62F5-4DAB-9150-5D6060E85EBF}.Debug|x86.ActiveCfg = Debug|Win32
		{9FA7F317-62F5-4DAB-9150-5D6060E85EBF}.Debug|x86.Build.0 = Debug|Win32
		{9FA7F317-62F5-4DAB-9150-5D6060E85EBF}.Release|x64.ActiveCfg = Release|x64
		{9FA7F317-62F5-4DAB-9150-5D6060E85EBF}.Release|x64.Build.0 = Release|x64
		{9FA7F317-62F5-4DAB-9150-5D6060E85EBF}.Release|x86.ActiveCfg = Release|x64
		{9FA7F317-62F5-4DAB-9150-5D6060E85EBF}.Release|x86.Build.0 = Release|x64
		{F60AE3CA-64B2-4A03-95D3-DE3FEA1A8D8B}.Debug|x64.ActiveCfg = Debug|x64
		{F60AE3CA-64B2-4A03-95D3-DE3FEA1A8D8B}.Debug|x64.Build.0 = Debug|x64
		{F60AE3CA-64B2-4A03-95D3-DE3FEA1A8D8B}.Debug|x86.ActiveCfg = Debug|Win32
		{F60AE3CA-64B2-4A03-95D3-DE3FEA1A8D8B}.Debug|x86.Build.0 = Debug|Win32
		{F60AE3CA-64B2-4A03-95D3-DE3FEA1A8D8B}.Release|x64.ActiveCfg = Release|x64
		{F60AE3CA-64B2-4A03-95D3-DE3FEA1A8D8B}.Release|x64.Build.0 = Release|x64
		{F60AE3CA-64B2-4A03-95D3-DE3FEA1A8D8B}.Release|x86.ActiveCfg = Release|Win32
		{F60AE3CA-64B2-4A03-95D3-DE3FEA1A8D8B}.Release|x86.Build.0 = Release|Win32
	EndGlobalSection
	GlobalSection(SolutionProperties) = preSolution
		HideSolutionNode = FALSE
	EndGlobalSection
	GlobalSection(ExtensibilityGlobals) = postSolution
		SolutionGuid = {A3C12DBC-B997-4523-BA9F-A7B7CFE2249E}
	EndGlobalSection
EndGlobal
