<?xml version="1.0" encoding="utf-8"?>
<Project ToolsVersion="4.0" xmlns="http://schemas.microsoft.com/developer/msbuild/2003">
  <ItemGroup>
    <Filter Include="源文件">
      <UniqueIdentifier>{4FC737F1-C7A5-4376-A066-2A32D752A2FF}</UniqueIdentifier>
      <Extensions>cpp;c;cc;cxx;c++;cppm;ixx;def;odl;idl;hpj;bat;asm;asmx</Extensions>
    </Filter>
    <Filter Include="头文件">
      <UniqueIdentifier>{93995380-89BD-4b04-88EB-625FBE52EBFB}</UniqueIdentifier>
      <Extensions>h;hh;hpp;hxx;h++;hm;inl;inc;ipp;xsd</Extensions>
    </Filter>
    <Filter Include="资源文件">
      <UniqueIdentifier>{67DA6AB6-F800-4c08-8B7A-83BB121AAD01}</UniqueIdentifier>
      <Extensions>rc;ico;cur;bmp;dlg;rc2;rct;bin;rgs;gif;jpg;jpeg;jpe;resx;tiff;tif;png;wav;mfcribbon-ms</Extensions>
    </Filter>
    <Filter Include="Chart">
      <UniqueIdentifier>{8889b89f-f608-44c3-ba2d-f5b75e83e4ad}</UniqueIdentifier>
    </Filter>
  </ItemGroup>
  <ItemGroup>
    <ClInclude Include="UpperMachineSoftware.h">
      <Filter>头文件</Filter>
    </ClInclude>
    <ClInclude Include="UpperMachineSoftwareDlg.h">
      <Filter>头文件</Filter>
    </ClInclude>
    <ClInclude Include="framework.h">
      <Filter>头文件</Filter>
    </ClInclude>
    <ClInclude Include="targetver.h">
      <Filter>头文件</Filter>
    </ClInclude>
    <ClInclude Include="Resource.h">
      <Filter>头文件</Filter>
    </ClInclude>
    <ClInclude Include="pch.h">
      <Filter>头文件</Filter>
    </ClInclude>
    <ClInclude Include="inc\CFileLook.h">
      <Filter>头文件</Filter>
    </ClInclude>
    <ClInclude Include="inc\CNetClient.h">
      <Filter>头文件</Filter>
    </ClInclude>
    <ClInclude Include="inc\CNetServer.h">
      <Filter>头文件</Filter>
    </ClInclude>
    <ClInclude Include="inc\CPixelSrc.h">
      <Filter>头文件</Filter>
    </ClInclude>
    <ClInclude Include="inc\CRTWaveform.h">
      <Filter>头文件</Filter>
    </ClInclude>
    <ClInclude Include="inc\CSimpleInfo.h">
      <Filter>头文件</Filter>
    </ClInclude>
    <ClInclude Include="inc\CSmartCarCam.h">
      <Filter>头文件</Filter>
    </ClInclude>
    <ClInclude Include="inc\CUart.h">
      <Filter>头文件</Filter>
    </ClInclude>
    <ClInclude Include="inc\CVeerShow.h">
      <Filter>头文件</Filter>
    </ClInclude>
    <ClInclude Include="inc\DataSrcParam.hpp">
      <Filter>头文件</Filter>
    </ClInclude>
    <ClInclude Include="inc\log.h">
      <Filter>头文件</Filter>
    </ClInclude>
    <ClInclude Include="inc\matrix.h">
      <Filter>头文件</Filter>
    </ClInclude>
    <ClInclude Include="inc\MyQueue.h">
      <Filter>头文件</Filter>
    </ClInclude>
    <ClInclude Include="inc\queue_cache.h">
      <Filter>头文件</Filter>
    </ClInclude>
    <ClInclude Include="inc\SmartCarCam.h">
      <Filter>头文件</Filter>
    </ClInclude>
    <ClInclude Include="inc\sock.h">
      <Filter>头文件</Filter>
    </ClInclude>
    <ClInclude Include="inc\ThreadSafeQueue.hpp">
      <Filter>头文件</Filter>
    </ClInclude>
    <ClInclude Include="inc\timer.h">
      <Filter>头文件</Filter>
    </ClInclude>
    <ClInclude Include="inc\uart.h">
      <Filter>头文件</Filter>
    </ClInclude>
    <ClInclude Include="ChartClass\ChartAxis.h">
      <Filter>Chart</Filter>
    </ClInclude>
    <ClInclude Include="ChartClass\ChartAxisLabel.h">
      <Filter>Chart</Filter>
    </ClInclude>
    <ClInclude Include="ChartClass\ChartBalloonLabel.h">
      <Filter>Chart</Filter>
    </ClInclude>
    <ClInclude Include="ChartClass\ChartBarSerie.h">
      <Filter>Chart</Filter>
    </ClInclude>
    <ClInclude Include="ChartClass\ChartCandlestickSerie.h">
      <Filter>Chart</Filter>
    </ClInclude>
    <ClInclude Include="ChartClass\ChartCrossHairCursor.h">
      <Filter>Chart</Filter>
    </ClInclude>
    <ClInclude Include="ChartClass\ChartCtrl.h">
      <Filter>Chart</Filter>
    </ClInclude>
    <ClInclude Include="ChartClass\ChartCursor.h">
      <Filter>Chart</Filter>
    </ClInclude>
    <ClInclude Include="ChartClass\ChartDateTimeAxis.h">
      <Filter>Chart</Filter>
    </ClInclude>
    <ClInclude Include="ChartClass\ChartDragLineCursor.h">
      <Filter>Chart</Filter>
    </ClInclude>
    <ClInclude Include="ChartClass\ChartFont.h">
      <Filter>Chart</Filter>
    </ClInclude>
    <ClInclude Include="ChartClass\ChartGanttSerie.h">
      <Filter>Chart</Filter>
    </ClInclude>
    <ClInclude Include="ChartClass\ChartGradient.h">
      <Filter>Chart</Filter>
    </ClInclude>
    <ClInclude Include="ChartClass\ChartGrid.h">
      <Filter>Chart</Filter>
    </ClInclude>
    <ClInclude Include="ChartClass\ChartLabel.h">
      <Filter>Chart</Filter>
    </ClInclude>
    <ClInclude Include="ChartClass\ChartLegend.h">
      <Filter>Chart</Filter>
    </ClInclude>
    <ClInclude Include="ChartClass\ChartLineSerie.h">
      <Filter>Chart</Filter>
    </ClInclude>
    <ClInclude Include="ChartClass\ChartLogarithmicAxis.h">
      <Filter>Chart</Filter>
    </ClInclude>
    <ClInclude Include="ChartClass\ChartMouseListener.h">
      <Filter>Chart</Filter>
    </ClInclude>
    <ClInclude Include="ChartClass\ChartPointsArray.h">
      <Filter>Chart</Filter>
    </ClInclude>
    <ClInclude Include="ChartClass\ChartPointsSerie.h">
      <Filter>Chart</Filter>
    </ClInclude>
    <ClInclude Include="ChartClass\ChartScrollBar.h">
      <Filter>Chart</Filter>
    </ClInclude>
    <ClInclude Include="ChartClass\ChartSerie.h">
      <Filter>Chart</Filter>
    </ClInclude>
    <ClInclude Include="ChartClass\ChartSerieBase.h">
      <Filter>Chart</Filter>
    </ClInclude>
    <ClInclude Include="ChartClass\ChartSeriesMouseListener.h">
      <Filter>Chart</Filter>
    </ClInclude>
    <ClInclude Include="ChartClass\ChartStandardAxis.h">
      <Filter>Chart</Filter>
    </ClInclude>
    <ClInclude Include="ChartClass\ChartString.h">
      <Filter>Chart</Filter>
    </ClInclude>
    <ClInclude Include="ChartClass\ChartSurfaceSerie.h">
      <Filter>Chart</Filter>
    </ClInclude>
    <ClInclude Include="ChartClass\ChartTitle.h">
      <Filter>Chart</Filter>
    </ClInclude>
    <ClInclude Include="ChartClass\ChartXYSerie.h">
      <Filter>Chart</Filter>
    </ClInclude>
    <ClInclude Include="ChartClass\PointsOrdering.h">
      <Filter>Chart</Filter>
    </ClInclude>
    <ClInclude Include="ChartClass\stdafx.h">
      <Filter>Chart</Filter>
    </ClInclude>
    <ClInclude Include="ChartClass\targetver.h">
      <Filter>Chart</Filter>
    </ClInclude>
  </ItemGroup>
  <ItemGroup>
    <ClCompile Include="UpperMachineSoftware.cpp">
      <Filter>源文件</Filter>
    </ClCompile>
    <ClCompile Include="UpperMachineSoftwareDlg.cpp">
      <Filter>源文件</Filter>
    </ClCompile>
    <ClCompile Include="pch.cpp">
      <Filter>源文件</Filter>
    </ClCompile>
    <ClCompile Include="src\CFileLook.cpp">
      <Filter>源文件</Filter>
    </ClCompile>
    <ClCompile Include="src\CNetClient.cpp">
      <Filter>源文件</Filter>
    </ClCompile>
    <ClCompile Include="src\CNetServer.cpp">
      <Filter>源文件</Filter>
    </ClCompile>
    <ClCompile Include="src\CPixelSrc.cpp">
      <Filter>源文件</Filter>
    </ClCompile>
    <ClCompile Include="src\CRTWaveform.cpp">
      <Filter>源文件</Filter>
    </ClCompile>
    <ClCompile Include="src\CSimpleInfo.cpp">
      <Filter>源文件</Filter>
    </ClCompile>
    <ClCompile Include="src\CSmartCarCam.cpp">
      <Filter>源文件</Filter>
    </ClCompile>
    <ClCompile Include="src\CUart.cpp">
      <Filter>源文件</Filter>
    </ClCompile>
    <ClCompile Include="src\CVeerShow.cpp">
      <Filter>源文件</Filter>
    </ClCompile>
    <ClCompile Include="src\log.cpp">
      <Filter>源文件</Filter>
    </ClCompile>
    <ClCompile Include="src\matrix.cpp">
      <Filter>源文件</Filter>
    </ClCompile>
    <ClCompile Include="src\SmartCarCam.cpp">
      <Filter>源文件</Filter>
    </ClCompile>
    <ClCompile Include="src\sock.cpp">
      <Filter>源文件</Filter>
    </ClCompile>
    <ClCompile Include="src\uart.cpp">
      <Filter>源文件</Filter>
    </ClCompile>
    <ClCompile Include="ChartClass\ChartAxis.cpp">
      <Filter>Chart</Filter>
    </ClCompile>
    <ClCompile Include="ChartClass\ChartAxisLabel.cpp">
      <Filter>Chart</Filter>
    </ClCompile>
    <ClCompile Include="ChartClass\ChartBarSerie.cpp">
      <Filter>Chart</Filter>
    </ClCompile>
    <ClCompile Include="ChartClass\ChartCandlestickSerie.cpp">
      <Filter>Chart</Filter>
    </ClCompile>
    <ClCompile Include="ChartClass\ChartCrossHairCursor.cpp">
      <Filter>Chart</Filter>
    </ClCompile>
    <ClCompile Include="ChartClass\ChartCtrl.cpp">
      <Filter>Chart</Filter>
    </ClCompile>
    <ClCompile Include="ChartClass\ChartCursor.cpp">
      <Filter>Chart</Filter>
    </ClCompile>
    <ClCompile Include="ChartClass\ChartDateTimeAxis.cpp">
      <Filter>Chart</Filter>
    </ClCompile>
    <ClCompile Include="ChartClass\ChartDragLineCursor.cpp">
      <Filter>Chart</Filter>
    </ClCompile>
    <ClCompile Include="ChartClass\ChartFont.cpp">
      <Filter>Chart</Filter>
    </ClCompile>
    <ClCompile Include="ChartClass\ChartGanttSerie.cpp">
      <Filter>Chart</Filter>
    </ClCompile>
    <ClCompile Include="ChartClass\ChartGradient.cpp">
      <Filter>Chart</Filter>
    </ClCompile>
    <ClCompile Include="ChartClass\ChartGrid.cpp">
      <Filter>Chart</Filter>
    </ClCompile>
    <ClCompile Include="ChartClass\ChartLegend.cpp">
      <Filter>Chart</Filter>
    </ClCompile>
    <ClCompile Include="ChartClass\ChartLineSerie.cpp">
      <Filter>Chart</Filter>
    </ClCompile>
    <ClCompile Include="ChartClass\ChartLogarithmicAxis.cpp">
      <Filter>Chart</Filter>
    </ClCompile>
    <ClCompile Include="ChartClass\ChartPointsSerie.cpp">
      <Filter>Chart</Filter>
    </ClCompile>
    <ClCompile Include="ChartClass\ChartScrollBar.cpp">
      <Filter>Chart</Filter>
    </ClCompile>
    <ClCompile Include="ChartClass\ChartSerie.cpp">
      <Filter>Chart</Filter>
    </ClCompile>
    <ClCompile Include="ChartClass\ChartStandardAxis.cpp">
      <Filter>Chart</Filter>
    </ClCompile>
    <ClCompile Include="ChartClass\ChartSurfaceSerie.cpp">
      <Filter>Chart</Filter>
    </ClCompile>
    <ClCompile Include="ChartClass\ChartTitle.cpp">
      <Filter>Chart</Filter>
    </ClCompile>
    <ClCompile Include="ChartClass\ChartXYSerie.cpp">
      <Filter>Chart</Filter>
    </ClCompile>
  </ItemGroup>
  <ItemGroup>
    <ResourceCompile Include="UpperMachineSoftware.rc">
      <Filter>资源文件</Filter>
    </ResourceCompile>
  </ItemGroup>
  <ItemGroup>
    <None Include="res\UpperMachineSoftware.rc2">
      <Filter>资源文件</Filter>
    </None>
    <None Include="ChartClass\ChartBalloonLabel.inl">
      <Filter>Chart</Filter>
    </None>
    <None Include="ChartClass\ChartLabel.inl">
      <Filter>Chart</Filter>
    </None>
    <None Include="ChartClass\ChartPointsArray.inl">
      <Filter>Chart</Filter>
    </None>
    <None Include="ChartClass\ChartSerieBase.inl">
      <Filter>Chart</Filter>
    </None>
  </ItemGroup>
  <ItemGroup>
    <Image Include="res\UpperMachineSoftware.ico">
      <Filter>资源文件</Filter>
    </Image>
  </ItemGroup>
</Project>